github.com/imfing/hextra v0.11.3 h1:OYmF/6EkXAMEG1Py4Iu4pVBkSuZpc3d1xasTb6CzSaM=
github.com/imfing/hextra v0.11.3/go.mod h1:cEfel3lU/bSx7lTE/+uuR4GJaphyOyiwNR3PTqFTXpI=
github.com/imfing/hextra v0.13.0 h1:1zhCYy0tA9ZRErFBlU6NJEgR1HjK69bgd52EmpwnG00=
github.com/imfing/hextra v0.13.0/go.mod h1:vi+yhpq8YPp/aghvJlNKVnJKcPJ/VyAEcfC1BSV9ARo=
